github.com/chiyoi/apricot/kitsune v0.2.0 h1:EB+Lt/l2B4WYzfs6InHWHjA9DOkRb6SIracM9gkekLc=
github.com/chiyoi/apricot/kitsune v0.2.0/go.mod h1:5ee2dqvok+9Ni17gKlRiPxqjHUaaje7gZEncy7/vRsA=
github.com/chiyoi/apricot/logs v0.1.1 h1:bSII/e/VavBsrIeanZ/fMv1aFYR2WtmezUaq2DavveM=
github.com/chiyoi/apricot/logs v0.1.1/go.mod h1:3WGyZnXDw1EFi1hBdUxVRlO3lNReHutK9iB8EIDMEOU=
github.com/chiyoi/apricot/neko v0.3.0 h1:DpyrVa5c9X79U29fihCGNhsAJyhy+WzVzTR1BXyLySI=
github.com/chiyoi/apricot/neko v0.3.0/go.mod h1:T9HLkqT0xPtTmuUiHXoZBFOfqS+F5fHnS//qX34wo/c=
github.com/chiyoi/apricot/neko v0.4.0 h1:wpmdqLnK7D4ZEwUcDMtpu31hyWnjMl4oTc7D8x0xfyg=
github.com/chiyoi/apricot/neko v0.4.0/go.mod h1:T9HLkqT0xPtTmuUiHXoZBFOfqS+F5fHnS//qX34wo/c=
github.com/chiyoi/apricot/test v0.1.0 h1:jTJGY08fI/WSzBBo8Ienf/zjgEa6QkWoGANWPQ3MNtc=
github.com/chiyoi/apricot/test v0.1.0/go.mod h1:A3rLNk/ycxEoHf/09xF+NIJr0U3/ITn1YU4rnpx78Dw=
